#include <iostream>
#include <cstdlib>
#include <ctime>

using namespace std;

int main()
{
    srand(time(0));

    int palpite, selecionado, adicional;
    int correto = rand() % 15 + 1;
    int selecionado2 = 0;
    int credito = 0;
    int tentativas = 0;
    bool acertou = false;

    while (selecionado2 != 3){
    string nome;
    cout << "*************************" << endl;
    cout << "****      MENU       ****" << endl;
    cout << "*************************" << endl;
    cout << "Escolha oque quer fazer: " << endl;
    cout << "1 - Consultar" << endl;
    cout << "2 - Jogar" << endl;
    cout << "3 - Sair" << endl;
    cin >> selecionado2;

    if (selecionado2 > 3){
            cout << "\nSelecione um numero de 1 a 3: \n" << endl;
            continue;
    }

    switch(selecionado2){
        case 1:
        cout << "Voce tem: " << credito << endl;
        cout << "Aqui voce pode adicionar creditos" << endl;
        cin >> adicional;
        credito += adicional;
        cout << "Agora voce tem: " << credito << endl;
        break;

    case 2:
    cout << "*************************" << endl;
    cout << "****      MENU       ****" << endl;
    cout << "*************************" << endl;
    cout << "Escolha a dificulade: " << endl;
    cout << "1 - DIFICIL" << endl;
    cout << "2 - MEDIO" << endl;
    cout << "3 - FACIL" << endl;
    cin >> selecionado;

    if ((selecionado == 1 && credito < 1) ||
    (selecionado == 2 && credito < 2) ||
    (selecionado == 3 && credito < 3)) {
    cout << "Creditos insuficientes para jogar nesse modo!" << endl;
    break;
    }
    tentativas = 0;
    if (selecionado == 1) {
    credito -= 1;
    tentativas += 3;
    } else if (selecionado == 2) {
    credito -= 2;
    tentativas += 5;
    } else if (selecionado == 3) {
    credito -= 3 ;
    tentativas += 10;
    }


    switch (selecionado){

    case 1:
            for(int i = 1; i <= tentativas; i++){
    cout << "\nEssa sera sua " << i << " tentativa para adivinhar o numero de 1 a 15: " << endl;
    cin >> palpite;

    if (palpite == correto){
        cout << "O valor esta correto" << endl;
        credito += 5;
        acertou = true;
          break;
    }else if(palpite != correto){
        if (palpite < correto){
        cout << "O valor esta errado, mais para cima" << endl;
        }else{
        cout << "O Valor esta errado, mais para baixo" << endl;
        }
        if (palpite <= 0){
            cout << "O valor nao pode ser 0 ou negativo" << endl;
            i--;
            continue;
        }
    }
}
break;
    case 2:
    for(int i = 1; i<= tentativas; i++){
    cout << "\nEssa sera sua " << i << " tentativa para adivinhar o numero de 1 a 15: " << endl;
    cin >> palpite;

    if (palpite == correto){
        cout << "O valor esta correto" << endl;
        credito += 3;
        acertou = true;
        break;
    }else if(palpite != correto) {
        if (palpite < correto) {
        cout << "O valor esta errado, mais para cima" << endl;
        }else {
        cout << "O Valor esta errado, mais para baixo" << endl;
        }
       if (palpite <= 0){
            cout << "O valor nao pode ser 0 ou negativo" << endl;
            i--;
            continue;
        }
    }
}
break;
    case 3:
        for(int i = 1; i <= tentativas; i++){
    cout << "\nEssa sera sua " << i << " tentativa para adivinhar o numero de 1 a 15: " << endl;
    cin >> palpite;

    if (palpite == correto){
        cout << "O valor esta correto" << endl;
        credito += 2;
        acertou = true;
        break;
    }else if(palpite != correto) {
        if (palpite < correto) {
        cout << "O valor esta errado, mais para cima" << endl;
        }else  {
        cout << "O Valor esta errado, mais para baixo" << endl;
        }
        if (palpite <= 0){
            cout << "O valor nao pode ser 0 ou negativo" << endl;
            i--;
            continue;
        }
    }
}
break;
}}
}
    return 0;
}
