#include <iostream>

using namespace std;

int main()
{
    int correto = 8, palpite;
    string nome;

    cout << "Qual o seu nome: " << endl;
    cin >> nome;
    while (palpite != correto) {
    cout << "Adivinhe o numero de 1 a 50: " << endl;
    cin >> palpite;

    if (palpite == correto){
        cout << "O valor esta correto" << endl;
    }else if(palpite != correto) {
        if (palpite < correto) {
        cout << "O valor esta errado, mais para cima" << endl;
        }else if(palpite > correto) {
        cout << "O Valor esta errado, mais para baixo" << endl;
        }
        if (palpite <= 0){
            cout << "O valor nao pode ser 0 ou negativo" << endl;
        }
    }
}
    return 0;
}
